
Microsoft Visual Studio Solution File, Format Version 12.00
# Visual Studio Version 17
VisualStudioVersion = 17.11.35327.3
MinimumVisualStudioVersion = 10.0.40219.1
Project("{FAE04EC0-301F-11D3-BF4B-00C04F79EFBC}") = "logica05", "logica05\logica05.csproj", "{05D474D0-057D-4FD3-9C29-4F87BB122ABD}"
EndProject
Global
	GlobalSection(SolutionConfigurationPlatforms) = preSolution
		Debug|Any CPU = Debug|Any CPU
		Release|Any CPU = Release|Any CPU
	EndGlobalSection
	GlobalSection(ProjectConfigurationPlatforms) = postSolution
		{05D474D0-057D-4FD3-9C29-4F87BB122ABD}.Debug|Any CPU.ActiveCfg = Debug|Any CPU
		{05D474D0-057D-4FD3-9C29-4F87BB122ABD}.Debug|Any CPU.Build.0 = Debug|Any CPU
		{05D474D0-057D-4FD3-9C29-4F87BB122ABD}.Release|Any CPU.ActiveCfg = Release|Any CPU
		{05D474D0-057D-4FD3-9C29-4F87BB122ABD}.Release|Any CPU.Build.0 = Release|Any CPU
	EndGlobalSection
	GlobalSection(SolutionProperties) = preSolution
		HideSolutionNode = FALSE
	EndGlobalSection
	GlobalSection(ExtensibilityGlobals) = postSolution
		SolutionGuid = {07384C59-1518-424A-B2BA-D4F218C1D6B5}
	EndGlobalSection
EndGlobal
